
Microsoft Visual Studio Solution File, Format Version 12.00
# Visual Studio Version 16
VisualStudioVersion = 16.0.29230.47
MinimumVisualStudioVersion = 10.0.40219.1
Project("{FAE04EC0-301F-11D3-BF4B-00C04F79EFBC}") = "Integer_variables", "Integer_variables\Integer_variables.csproj", "{FB68CFBB-8CCF-4625-B9B6-FBF30A6536FA}"
EndProject
Project("{2150E333-8FDC-42A3-9474-1A3956D46DE8}") = "Solution Items", "Solution Items", "{3597CAAA-27B6-4521-B1B4-05198BB7B9D7}"
	ProjectSection(SolutionItems) = preProject
		ReadMe.txt = ReadMe.txt
	EndProjectSection
EndProject
Global
	GlobalSection(SolutionConfigurationPlatforms) = preSolution
		Debug|Any CPU = Debug|Any CPU
		Release|Any CPU = Release|Any CPU
	EndGlobalSection
	GlobalSection(ProjectConfigurationPlatforms) = postSolution
		{FB68CFBB-8CCF-4625-B9B6-FBF30A6536FA}.Debug|Any CPU.ActiveCfg = Debug|Any CPU
		{FB68CFBB-8CCF-4625-B9B6-FBF30A6536FA}.Debug|Any CPU.Build.0 = Debug|Any CPU
		{FB68CFBB-8CCF-4625-B9B6-FBF30A6536FA}.Release|Any CPU.ActiveCfg = Release|Any CPU
		{FB68CFBB-8CCF-4625-B9B6-FBF30A6536FA}.Release|Any CPU.Build.0 = Release|Any CPU
	EndGlobalSection
	GlobalSection(SolutionProperties) = preSolution
		HideSolutionNode = FALSE
	EndGlobalSection
	GlobalSection(ExtensibilityGlobals) = postSolution
		SolutionGuid = {CE502333-483D-4D77-B58B-E378CD588D8A}
	EndGlobalSection
EndGlobal
