
Microsoft Visual Studio Solution File, Format Version 12.00
# Visual Studio Version 16
VisualStudioVersion = 16.0.29209.62
MinimumVisualStudioVersion = 10.0.40219.1
Project("{FAE04EC0-301F-11D3-BF4B-00C04F79EFBC}") = "ValueTypeRangeApp", "ValueTypeRangeApp\ValueTypeRangeApp.csproj", "{E838673A-9F62-4F0E-9231-771E2CAA7B2B}"
EndProject
Global
	GlobalSection(SolutionConfigurationPlatforms) = preSolution
		Debug|Any CPU = Debug|Any CPU
		Release|Any CPU = Release|Any CPU
	EndGlobalSection
	GlobalSection(ProjectConfigurationPlatforms) = postSolution
		{E838673A-9F62-4F0E-9231-771E2CAA7B2B}.Debug|Any CPU.ActiveCfg = Debug|Any CPU
		{E838673A-9F62-4F0E-9231-771E2CAA7B2B}.Debug|Any CPU.Build.0 = Debug|Any CPU
		{E838673A-9F62-4F0E-9231-771E2CAA7B2B}.Release|Any CPU.ActiveCfg = Release|Any CPU
		{E838673A-9F62-4F0E-9231-771E2CAA7B2B}.Release|Any CPU.Build.0 = Release|Any CPU
	EndGlobalSection
	GlobalSection(SolutionProperties) = preSolution
		HideSolutionNode = FALSE
	EndGlobalSection
	GlobalSection(ExtensibilityGlobals) = postSolution
		SolutionGuid = {E9B49559-D4B1-4CFF-A5BC-719124C584A4}
	EndGlobalSection
EndGlobal
