
Microsoft Visual Studio Solution File, Format Version 12.00
# Visual Studio Version 16
VisualStudioVersion = 16.0.29613.14
MinimumVisualStudioVersion = 10.0.40219.1
Project("{FAE04EC0-301F-11D3-BF4B-00C04F79EFBC}") = "CurrencyConverter", "CurrencyConverter\CurrencyConverter.csproj", "{7C480FD7-8F64-425E-AF29-BBFAF1583881}"
EndProject
Project("{FAE04EC0-301F-11D3-BF4B-00C04F79EFBC}") = "ConverterTests", "ConverterTests\ConverterTests.csproj", "{70E68C4E-565C-4453-B4FB-7CC9F61951BB}"
EndProject
Global
	GlobalSection(SolutionConfigurationPlatforms) = preSolution
		Debug|Any CPU = Debug|Any CPU
		Release|Any CPU = Release|Any CPU
	EndGlobalSection
	GlobalSection(ProjectConfigurationPlatforms) = postSolution
		{7C480FD7-8F64-425E-AF29-BBFAF1583881}.Debug|Any CPU.ActiveCfg = Debug|Any CPU
		{7C480FD7-8F64-425E-AF29-BBFAF1583881}.Debug|Any CPU.Build.0 = Debug|Any CPU
		{7C480FD7-8F64-425E-AF29-BBFAF1583881}.Release|Any CPU.ActiveCfg = Release|Any CPU
		{7C480FD7-8F64-425E-AF29-BBFAF1583881}.Release|Any CPU.Build.0 = Release|Any CPU
		{70E68C4E-565C-4453-B4FB-7CC9F61951BB}.Debug|Any CPU.ActiveCfg = Debug|Any CPU
		{70E68C4E-565C-4453-B4FB-7CC9F61951BB}.Debug|Any CPU.Build.0 = Debug|Any CPU
		{70E68C4E-565C-4453-B4FB-7CC9F61951BB}.Release|Any CPU.ActiveCfg = Release|Any CPU
		{70E68C4E-565C-4453-B4FB-7CC9F61951BB}.Release|Any CPU.Build.0 = Release|Any CPU
	EndGlobalSection
	GlobalSection(SolutionProperties) = preSolution
		HideSolutionNode = FALSE
	EndGlobalSection
	GlobalSection(ExtensibilityGlobals) = postSolution
		SolutionGuid = {23409FEC-7D4E-44FF-AE8E-3A3AB3AF06D9}
	EndGlobalSection
EndGlobal
