
Microsoft Visual Studio Solution File, Format Version 12.00
# Visual Studio Version 16
VisualStudioVersion = 16.0.29324.140
MinimumVisualStudioVersion = 10.0.40219.1
Project("{FAE04EC0-301F-11D3-BF4B-00C04F79EFBC}") = "NumberComparison", "Number comparison\NumberComparison.csproj", "{0BAA4E2C-473A-4B78-99A4-1B83A303D4B6}"
EndProject
Project("{FAE04EC0-301F-11D3-BF4B-00C04F79EFBC}") = "NumberComparisonTests", "Number comparisonTests\NumberComparisonTests.csproj", "{8AC6F1D0-9663-4AEB-B722-29A93704BEC2}"
EndProject
Global
	GlobalSection(SolutionConfigurationPlatforms) = preSolution
		Debug|Any CPU = Debug|Any CPU
		Release|Any CPU = Release|Any CPU
	EndGlobalSection
	GlobalSection(ProjectConfigurationPlatforms) = postSolution
		{0BAA4E2C-473A-4B78-99A4-1B83A303D4B6}.Debug|Any CPU.ActiveCfg = Debug|Any CPU
		{0BAA4E2C-473A-4B78-99A4-1B83A303D4B6}.Debug|Any CPU.Build.0 = Debug|Any CPU
		{0BAA4E2C-473A-4B78-99A4-1B83A303D4B6}.Release|Any CPU.ActiveCfg = Release|Any CPU
		{0BAA4E2C-473A-4B78-99A4-1B83A303D4B6}.Release|Any CPU.Build.0 = Release|Any CPU
		{8AC6F1D0-9663-4AEB-B722-29A93704BEC2}.Debug|Any CPU.ActiveCfg = Debug|Any CPU
		{8AC6F1D0-9663-4AEB-B722-29A93704BEC2}.Debug|Any CPU.Build.0 = Debug|Any CPU
		{8AC6F1D0-9663-4AEB-B722-29A93704BEC2}.Release|Any CPU.ActiveCfg = Release|Any CPU
		{8AC6F1D0-9663-4AEB-B722-29A93704BEC2}.Release|Any CPU.Build.0 = Release|Any CPU
	EndGlobalSection
	GlobalSection(SolutionProperties) = preSolution
		HideSolutionNode = FALSE
	EndGlobalSection
	GlobalSection(ExtensibilityGlobals) = postSolution
		SolutionGuid = {3B421C2F-6D3E-4CB6-95EC-EB66E7A4D38D}
	EndGlobalSection
EndGlobal
