
Microsoft Visual Studio Solution File, Format Version 12.00
# Visual Studio Version 16
VisualStudioVersion = 16.0.32106.194
MinimumVisualStudioVersion = 10.0.40219.1
Project("{FAE04EC0-301F-11D3-BF4B-00C04F79EFBC}") = "ConsoleCalculator", "ConsoleCalculator\ConsoleCalculator.csproj", "{DF0CC5FC-0F3E-431E-AEE5-FAD7CF674A2B}"
EndProject
Global
	GlobalSection(SolutionConfigurationPlatforms) = preSolution
		Debug|Any CPU = Debug|Any CPU
		Release|Any CPU = Release|Any CPU
	EndGlobalSection
	GlobalSection(ProjectConfigurationPlatforms) = postSolution
		{DF0CC5FC-0F3E-431E-AEE5-FAD7CF674A2B}.Debug|Any CPU.ActiveCfg = Debug|Any CPU
		{DF0CC5FC-0F3E-431E-AEE5-FAD7CF674A2B}.Debug|Any CPU.Build.0 = Debug|Any CPU
		{DF0CC5FC-0F3E-431E-AEE5-FAD7CF674A2B}.Release|Any CPU.ActiveCfg = Release|Any CPU
		{DF0CC5FC-0F3E-431E-AEE5-FAD7CF674A2B}.Release|Any CPU.Build.0 = Release|Any CPU
	EndGlobalSection
	GlobalSection(SolutionProperties) = preSolution
		HideSolutionNode = FALSE
	EndGlobalSection
	GlobalSection(ExtensibilityGlobals) = postSolution
		SolutionGuid = {DC6AC81F-5FBB-4960-A978-7D3CE15F786B}
	EndGlobalSection
EndGlobal
